
Microsoft Visual Studio Solution File, Format Version 12.00
# Visual Studio Version 16
VisualStudioVersion = 16.0.30611.23
MinimumVisualStudioVersion = 10.0.40219.1
Project("{FAE04EC0-301F-11D3-BF4B-00C04F79EFBC}") = "EyeTrack", "EyeTrack\EyeTrack.csproj", "{9C6A4861-926A-496C-A8F3-E58B1AC79DCD}"
EndProject
Global
	GlobalSection(SolutionConfigurationPlatforms) = preSolution
		Debug|Any CPU = Debug|Any CPU
		Release|Any CPU = Release|Any CPU
	EndGlobalSection
	GlobalSection(ProjectConfigurationPlatforms) = postSolution
		{9C6A4861-926A-496C-A8F3-E58B1AC79DCD}.Debug|Any CPU.ActiveCfg = Debug|Any CPU
		{9C6A4861-926A-496C-A8F3-E58B1AC79DCD}.Debug|Any CPU.Build.0 = Debug|Any CPU
		{9C6A4861-926A-496C-A8F3-E58B1AC79DCD}.Release|Any CPU.ActiveCfg = Release|Any CPU
		{9C6A4861-926A-496C-A8F3-E58B1AC79DCD}.Release|Any CPU.Build.0 = Release|Any CPU
	EndGlobalSection
	GlobalSection(SolutionProperties) = preSolution
		HideSolutionNode = FALSE
	EndGlobalSection
	GlobalSection(ExtensibilityGlobals) = postSolution
		SolutionGuid = {BAD9B880-8052-48B6-B47A-32DDD9E9E272}
	EndGlobalSection
EndGlobal
