
Microsoft Visual Studio Solution File, Format Version 12.00
# Visual Studio Version 17
VisualStudioVersion = 17.5.33530.505
MinimumVisualStudioVersion = 10.0.40219.1
Project("{9A19103F-16F7-4668-BE54-9A1E7A4F7556}") = "VRCFaceTracking", "VRCFaceTracking\VRCFaceTracking.csproj", "{194D2A6B-90D3-4CD5-A2CF-341E00DB5F75}"
EndProject
Project("{9A19103F-16F7-4668-BE54-9A1E7A4F7556}") = "VRCFaceTracking.Core", "VRCFaceTracking.Core\VRCFaceTracking.Core.csproj", "{7E29B109-E682-4F89-A47D-5A3CC5CD5F41}"
EndProject
Project("{9A19103F-16F7-4668-BE54-9A1E7A4F7556}") = "VRCFaceTracking.Babble", "VRCFaceTracking.Babble\VRCFaceTracking.Babble.csproj", "{EFDAAF07-440C-4006-8B1C-B62C0A60F517}"
EndProject
Project("{FAE04EC0-301F-11D3-BF4B-00C04F79EFBC}") = "VRCFaceTracking.Crystal", "VRCFaceTracking.Crystal\VRCFaceTracking.Crystal.csproj", "{4510B75A-E555-4061-B680-983C6A5E9C9A}"
EndProject
Project("{FAE04EC0-301F-11D3-BF4B-00C04F79EFBC}") = "VRCFaceTracking.Tobii", "VRCFaceTracking.Tobii\VRCFaceTracking.Tobii.csproj", "{41A99D94-A5F1-44D7-B356-0BA4CEF36E5B}"
EndProject
Project("{9A19103F-16F7-4668-BE54-9A1E7A4F7556}") = "VRCFaceTracking.WCFace", "VRCFaceTracking.WCFace\VRCFaceTracking.WCFace.csproj", "{1D645638-B801-454D-A7F8-0BA55A786DE8}"
EndProject
Project("{FAE04EC0-301F-11D3-BF4B-00C04F79EFBC}") = "VRCFaceTracking.EyeTrackVR", "VRCFaceTracking.EyeTrackVR\VRCFaceTracking.EyeTrackVR.csproj", "{605D1314-77BB-4C30-9557-0AD5B6128478}"
EndProject
Project("{FAE04EC0-301F-11D3-BF4B-00C04F79EFBC}") = "VRCFaceTracking.iFacialMocap", "VRCFaceTracking.iFacialMocap\VRCFaceTracking.iFacialMocap.csproj", "{19CAE82B-6274-45EA-A2BE-95967E4E0091}"
EndProject
Project("{9A19103F-16F7-4668-BE54-9A1E7A4F7556}") = "VRCFaceTracking.VSeeFace", "VRCFaceTracking.VSeeFace\VRCFaceTracking.VSeeFace.csproj", "{27D83458-2DA2-48EA-BA5F-DD1675534F63}"
EndProject
Project("{FAE04EC0-301F-11D3-BF4B-00C04F79EFBC}") = "VRCFaceTracking.MediaPipe", "VRCFaceTracking.MediaPipe\VRCFaceTracking.MediaPipe.csproj", "{BFE33FEF-F76B-42DB-BE2A-37F6329B5EDB}"
EndProject
Global
	GlobalSection(SolutionConfigurationPlatforms) = preSolution
		Debug|Any CPU = Debug|Any CPU
		Debug|arm64 = Debug|arm64
		Debug|x64 = Debug|x64
		Debug|x86 = Debug|x86
		Release|Any CPU = Release|Any CPU
		Release|arm64 = Release|arm64
		Release|x64 = Release|x64
		Release|x86 = Release|x86
	EndGlobalSection
	GlobalSection(ProjectConfigurationPlatforms) = postSolution
		{194D2A6B-90D3-4CD5-A2CF-341E00DB5F75}.Debug|Any CPU.ActiveCfg = Debug|x64
		{194D2A6B-90D3-4CD5-A2CF-341E00DB5F75}.Debug|Any CPU.Build.0 = Debug|x64
		{194D2A6B-90D3-4CD5-A2CF-341E00DB5F75}.Debug|Any CPU.Deploy.0 = Debug|x64
		{194D2A6B-90D3-4CD5-A2CF-341E00DB5F75}.Debug|arm64.ActiveCfg = Debug|x64
		{194D2A6B-90D3-4CD5-A2CF-341E00DB5F75}.Debug|arm64.Build.0 = Debug|x64
		{194D2A6B-90D3-4CD5-A2CF-341E00DB5F75}.Debug|arm64.Deploy.0 = Debug|x64
		{194D2A6B-90D3-4CD5-A2CF-341E00DB5F75}.Debug|x64.ActiveCfg = Debug|x64
		{194D2A6B-90D3-4CD5-A2CF-341E00DB5F75}.Debug|x64.Build.0 = Debug|x64
		{194D2A6B-90D3-4CD5-A2CF-341E00DB5F75}.Debug|x64.Deploy.0 = Debug|x64
		{194D2A6B-90D3-4CD5-A2CF-341E00DB5F75}.Debug|x86.ActiveCfg = Debug|x64
		{194D2A6B-90D3-4CD5-A2CF-341E00DB5F75}.Debug|x86.Build.0 = Debug|x64
		{194D2A6B-90D3-4CD5-A2CF-341E00DB5F75}.Debug|x86.Deploy.0 = Debug|x64
		{194D2A6B-90D3-4CD5-A2CF-341E00DB5F75}.Release|Any CPU.ActiveCfg = Release|x64
		{194D2A6B-90D3-4CD5-A2CF-341E00DB5F75}.Release|Any CPU.Build.0 = Release|x64
		{194D2A6B-90D3-4CD5-A2CF-341E00DB5F75}.Release|Any CPU.Deploy.0 = Release|x64
		{194D2A6B-90D3-4CD5-A2CF-341E00DB5F75}.Release|arm64.ActiveCfg = Release|arm64
		{194D2A6B-90D3-4CD5-A2CF-341E00DB5F75}.Release|arm64.Build.0 = Release|arm64
		{194D2A6B-90D3-4CD5-A2CF-341E00DB5F75}.Release|arm64.Deploy.0 = Release|arm64
		{194D2A6B-90D3-4CD5-A2CF-341E00DB5F75}.Release|x64.ActiveCfg = Release|x64
		{194D2A6B-90D3-4CD5-A2CF-341E00DB5F75}.Release|x64.Build.0 = Release|x64
		{194D2A6B-90D3-4CD5-A2CF-341E00DB5F75}.Release|x64.Deploy.0 = Release|x64
		{194D2A6B-90D3-4CD5-A2CF-341E00DB5F75}.Release|x86.ActiveCfg = Release|x86
		{194D2A6B-90D3-4CD5-A2CF-341E00DB5F75}.Release|x86.Build.0 = Release|x86
		{194D2A6B-90D3-4CD5-A2CF-341E00DB5F75}.Release|x86.Deploy.0 = Release|x86
		{7E29B109-E682-4F89-A47D-5A3CC5CD5F41}.Debug|Any CPU.ActiveCfg = Debug|x64
		{7E29B109-E682-4F89-A47D-5A3CC5CD5F41}.Debug|Any CPU.Build.0 = Debug|x64
		{7E29B109-E682-4F89-A47D-5A3CC5CD5F41}.Debug|arm64.ActiveCfg = Debug|x64
		{7E29B109-E682-4F89-A47D-5A3CC5CD5F41}.Debug|arm64.Build.0 = Debug|x64
		{7E29B109-E682-4F89-A47D-5A3CC5CD5F41}.Debug|x64.ActiveCfg = Debug|x64
		{7E29B109-E682-4F89-A47D-5A3CC5CD5F41}.Debug|x64.Build.0 = Debug|x64
		{7E29B109-E682-4F89-A47D-5A3CC5CD5F41}.Debug|x86.ActiveCfg = Debug|x64
		{7E29B109-E682-4F89-A47D-5A3CC5CD5F41}.Debug|x86.Build.0 = Debug|x64
		{7E29B109-E682-4F89-A47D-5A3CC5CD5F41}.Release|Any CPU.ActiveCfg = Release|Any CPU
		{7E29B109-E682-4F89-A47D-5A3CC5CD5F41}.Release|Any CPU.Build.0 = Release|Any CPU
		{7E29B109-E682-4F89-A47D-5A3CC5CD5F41}.Release|arm64.ActiveCfg = Release|arm64
		{7E29B109-E682-4F89-A47D-5A3CC5CD5F41}.Release|arm64.Build.0 = Release|arm64
		{7E29B109-E682-4F89-A47D-5A3CC5CD5F41}.Release|x64.ActiveCfg = Release|x64
		{7E29B109-E682-4F89-A47D-5A3CC5CD5F41}.Release|x64.Build.0 = Release|x64
		{7E29B109-E682-4F89-A47D-5A3CC5CD5F41}.Release|x86.ActiveCfg = Release|x86
		{7E29B109-E682-4F89-A47D-5A3CC5CD5F41}.Release|x86.Build.0 = Release|x86
		{EFDAAF07-440C-4006-8B1C-B62C0A60F517}.Debug|Any CPU.ActiveCfg = Debug|x64
		{EFDAAF07-440C-4006-8B1C-B62C0A60F517}.Debug|Any CPU.Build.0 = Debug|x64
		{EFDAAF07-440C-4006-8B1C-B62C0A60F517}.Debug|arm64.ActiveCfg = Debug|x64
		{EFDAAF07-440C-4006-8B1C-B62C0A60F517}.Debug|arm64.Build.0 = Debug|x64
		{EFDAAF07-440C-4006-8B1C-B62C0A60F517}.Debug|x64.ActiveCfg = Debug|x64
		{EFDAAF07-440C-4006-8B1C-B62C0A60F517}.Debug|x64.Build.0 = Debug|x64
		{EFDAAF07-440C-4006-8B1C-B62C0A60F517}.Debug|x86.ActiveCfg = Debug|x64
		{EFDAAF07-440C-4006-8B1C-B62C0A60F517}.Debug|x86.Build.0 = Debug|x64
		{EFDAAF07-440C-4006-8B1C-B62C0A60F517}.Release|Any CPU.ActiveCfg = Release|x64
		{EFDAAF07-440C-4006-8B1C-B62C0A60F517}.Release|Any CPU.Build.0 = Release|x64
		{EFDAAF07-440C-4006-8B1C-B62C0A60F517}.Release|arm64.ActiveCfg = Release|x64
		{EFDAAF07-440C-4006-8B1C-B62C0A60F517}.Release|arm64.Build.0 = Release|x64
		{EFDAAF07-440C-4006-8B1C-B62C0A60F517}.Release|x64.ActiveCfg = Release|x64
		{EFDAAF07-440C-4006-8B1C-B62C0A60F517}.Release|x64.Build.0 = Release|x64
		{EFDAAF07-440C-4006-8B1C-B62C0A60F517}.Release|x86.ActiveCfg = Release|x64
		{EFDAAF07-440C-4006-8B1C-B62C0A60F517}.Release|x86.Build.0 = Release|x64
		{4510B75A-E555-4061-B680-983C6A5E9C9A}.Debug|Any CPU.ActiveCfg = Debug|Any CPU
		{4510B75A-E555-4061-B680-983C6A5E9C9A}.Debug|Any CPU.Build.0 = Debug|Any CPU
		{4510B75A-E555-4061-B680-983C6A5E9C9A}.Debug|arm64.ActiveCfg = Debug|Any CPU
		{4510B75A-E555-4061-B680-983C6A5E9C9A}.Debug|arm64.Build.0 = Debug|Any CPU
		{4510B75A-E555-4061-B680-983C6A5E9C9A}.Debug|x64.ActiveCfg = Debug|x64
		{4510B75A-E555-4061-B680-983C6A5E9C9A}.Debug|x64.Build.0 = Debug|x64
		{4510B75A-E555-4061-B680-983C6A5E9C9A}.Debug|x86.ActiveCfg = Debug|x86
		{4510B75A-E555-4061-B680-983C6A5E9C9A}.Debug|x86.Build.0 = Debug|x86
		{4510B75A-E555-4061-B680-983C6A5E9C9A}.Release|Any CPU.ActiveCfg = Release|Any CPU
		{4510B75A-E555-4061-B680-983C6A5E9C9A}.Release|Any CPU.Build.0 = Release|Any CPU
		{4510B75A-E555-4061-B680-983C6A5E9C9A}.Release|arm64.ActiveCfg = Release|Any CPU
		{4510B75A-E555-4061-B680-983C6A5E9C9A}.Release|arm64.Build.0 = Release|Any CPU
		{4510B75A-E555-4061-B680-983C6A5E9C9A}.Release|x64.ActiveCfg = Release|x64
		{4510B75A-E555-4061-B680-983C6A5E9C9A}.Release|x64.Build.0 = Release|x64
		{4510B75A-E555-4061-B680-983C6A5E9C9A}.Release|x86.ActiveCfg = Release|x86
		{4510B75A-E555-4061-B680-983C6A5E9C9A}.Release|x86.Build.0 = Release|x86
		{41A99D94-A5F1-44D7-B356-0BA4CEF36E5B}.Debug|Any CPU.ActiveCfg = Debug|Any CPU
		{41A99D94-A5F1-44D7-B356-0BA4CEF36E5B}.Debug|Any CPU.Build.0 = Debug|Any CPU
		{41A99D94-A5F1-44D7-B356-0BA4CEF36E5B}.Debug|arm64.ActiveCfg = Debug|Any CPU
		{41A99D94-A5F1-44D7-B356-0BA4CEF36E5B}.Debug|arm64.Build.0 = Debug|Any CPU
		{41A99D94-A5F1-44D7-B356-0BA4CEF36E5B}.Debug|x64.ActiveCfg = Debug|Any CPU
		{41A99D94-A5F1-44D7-B356-0BA4CEF36E5B}.Debug|x64.Build.0 = Debug|Any CPU
		{41A99D94-A5F1-44D7-B356-0BA4CEF36E5B}.Debug|x86.ActiveCfg = Debug|Any CPU
		{41A99D94-A5F1-44D7-B356-0BA4CEF36E5B}.Debug|x86.Build.0 = Debug|Any CPU
		{41A99D94-A5F1-44D7-B356-0BA4CEF36E5B}.Release|Any CPU.ActiveCfg = Release|Any CPU
		{41A99D94-A5F1-44D7-B356-0BA4CEF36E5B}.Release|Any CPU.Build.0 = Release|Any CPU
		{41A99D94-A5F1-44D7-B356-0BA4CEF36E5B}.Release|arm64.ActiveCfg = Release|Any CPU
		{41A99D94-A5F1-44D7-B356-0BA4CEF36E5B}.Release|arm64.Build.0 = Release|Any CPU
		{41A99D94-A5F1-44D7-B356-0BA4CEF36E5B}.Release|x64.ActiveCfg = Release|Any CPU
		{41A99D94-A5F1-44D7-B356-0BA4CEF36E5B}.Release|x64.Build.0 = Release|Any CPU
		{41A99D94-A5F1-44D7-B356-0BA4CEF36E5B}.Release|x86.ActiveCfg = Release|Any CPU
		{41A99D94-A5F1-44D7-B356-0BA4CEF36E5B}.Release|x86.Build.0 = Release|Any CPU
		{1D645638-B801-454D-A7F8-0BA55A786DE8}.Debug|Any CPU.ActiveCfg = Debug|Any CPU
		{1D645638-B801-454D-A7F8-0BA55A786DE8}.Debug|Any CPU.Build.0 = Debug|Any CPU
		{1D645638-B801-454D-A7F8-0BA55A786DE8}.Debug|arm64.ActiveCfg = Debug|Any CPU
		{1D645638-B801-454D-A7F8-0BA55A786DE8}.Debug|arm64.Build.0 = Debug|Any CPU
		{1D645638-B801-454D-A7F8-0BA55A786DE8}.Debug|x64.ActiveCfg = Debug|x64
		{1D645638-B801-454D-A7F8-0BA55A786DE8}.Debug|x64.Build.0 = Debug|x64
		{1D645638-B801-454D-A7F8-0BA55A786DE8}.Debug|x86.ActiveCfg = Debug|Any CPU
		{1D645638-B801-454D-A7F8-0BA55A786DE8}.Debug|x86.Build.0 = Debug|Any CPU
		{1D645638-B801-454D-A7F8-0BA55A786DE8}.Release|Any CPU.ActiveCfg = Release|Any CPU
		{1D645638-B801-454D-A7F8-0BA55A786DE8}.Release|Any CPU.Build.0 = Release|Any CPU
		{1D645638-B801-454D-A7F8-0BA55A786DE8}.Release|arm64.ActiveCfg = Release|Any CPU
		{1D645638-B801-454D-A7F8-0BA55A786DE8}.Release|arm64.Build.0 = Release|Any CPU
		{1D645638-B801-454D-A7F8-0BA55A786DE8}.Release|x64.ActiveCfg = Release|Any CPU
		{1D645638-B801-454D-A7F8-0BA55A786DE8}.Release|x64.Build.0 = Release|Any CPU
		{1D645638-B801-454D-A7F8-0BA55A786DE8}.Release|x86.ActiveCfg = Release|Any CPU
		{1D645638-B801-454D-A7F8-0BA55A786DE8}.Release|x86.Build.0 = Release|Any CPU
		{605D1314-77BB-4C30-9557-0AD5B6128478}.Debug|Any CPU.ActiveCfg = Debug|Any CPU
		{605D1314-77BB-4C30-9557-0AD5B6128478}.Debug|Any CPU.Build.0 = Debug|Any CPU
		{605D1314-77BB-4C30-9557-0AD5B6128478}.Debug|arm64.ActiveCfg = Debug|Any CPU
		{605D1314-77BB-4C30-9557-0AD5B6128478}.Debug|arm64.Build.0 = Debug|Any CPU
		{605D1314-77BB-4C30-9557-0AD5B6128478}.Debug|x64.ActiveCfg = Debug|Any CPU
		{605D1314-77BB-4C30-9557-0AD5B6128478}.Debug|x64.Build.0 = Debug|Any CPU
		{605D1314-77BB-4C30-9557-0AD5B6128478}.Debug|x86.ActiveCfg = Debug|Any CPU
		{605D1314-77BB-4C30-9557-0AD5B6128478}.Debug|x86.Build.0 = Debug|Any CPU
		{605D1314-77BB-4C30-9557-0AD5B6128478}.Release|Any CPU.ActiveCfg = Release|Any CPU
		{605D1314-77BB-4C30-9557-0AD5B6128478}.Release|Any CPU.Build.0 = Release|Any CPU
		{605D1314-77BB-4C30-9557-0AD5B6128478}.Release|arm64.ActiveCfg = Release|Any CPU
		{605D1314-77BB-4C30-9557-0AD5B6128478}.Release|arm64.Build.0 = Release|Any CPU
		{605D1314-77BB-4C30-9557-0AD5B6128478}.Release|x64.ActiveCfg = Release|Any CPU
		{605D1314-77BB-4C30-9557-0AD5B6128478}.Release|x64.Build.0 = Release|Any CPU
		{605D1314-77BB-4C30-9557-0AD5B6128478}.Release|x86.ActiveCfg = Release|Any CPU
		{605D1314-77BB-4C30-9557-0AD5B6128478}.Release|x86.Build.0 = Release|Any CPU
		{19CAE82B-6274-45EA-A2BE-95967E4E0091}.Debug|Any CPU.ActiveCfg = Debug|Any CPU
		{19CAE82B-6274-45EA-A2BE-95967E4E0091}.Debug|Any CPU.Build.0 = Debug|Any CPU
		{19CAE82B-6274-45EA-A2BE-95967E4E0091}.Debug|arm64.ActiveCfg = Debug|Any CPU
		{19CAE82B-6274-45EA-A2BE-95967E4E0091}.Debug|arm64.Build.0 = Debug|Any CPU
		{19CAE82B-6274-45EA-A2BE-95967E4E0091}.Debug|x64.ActiveCfg = Debug|Any CPU
		{19CAE82B-6274-45EA-A2BE-95967E4E0091}.Debug|x64.Build.0 = Debug|Any CPU
		{19CAE82B-6274-45EA-A2BE-95967E4E0091}.Debug|x86.ActiveCfg = Debug|Any CPU
		{19CAE82B-6274-45EA-A2BE-95967E4E0091}.Debug|x86.Build.0 = Debug|Any CPU
		{19CAE82B-6274-45EA-A2BE-95967E4E0091}.Release|Any CPU.ActiveCfg = Release|Any CPU
		{19CAE82B-6274-45EA-A2BE-95967E4E0091}.Release|Any CPU.Build.0 = Release|Any CPU
		{19CAE82B-6274-45EA-A2BE-95967E4E0091}.Release|arm64.ActiveCfg = Release|Any CPU
		{19CAE82B-6274-45EA-A2BE-95967E4E0091}.Release|arm64.Build.0 = Release|Any CPU
		{19CAE82B-6274-45EA-A2BE-95967E4E0091}.Release|x64.ActiveCfg = Release|Any CPU
		{19CAE82B-6274-45EA-A2BE-95967E4E0091}.Release|x64.Build.0 = Release|Any CPU
		{19CAE82B-6274-45EA-A2BE-95967E4E0091}.Release|x86.ActiveCfg = Release|Any CPU
		{19CAE82B-6274-45EA-A2BE-95967E4E0091}.Release|x86.Build.0 = Release|Any CPU
		{27D83458-2DA2-48EA-BA5F-DD1675534F63}.Debug|Any CPU.ActiveCfg = Debug|Any CPU
		{27D83458-2DA2-48EA-BA5F-DD1675534F63}.Debug|Any CPU.Build.0 = Debug|Any CPU
		{27D83458-2DA2-48EA-BA5F-DD1675534F63}.Debug|arm64.ActiveCfg = Debug|Any CPU
		{27D83458-2DA2-48EA-BA5F-DD1675534F63}.Debug|arm64.Build.0 = Debug|Any CPU
		{27D83458-2DA2-48EA-BA5F-DD1675534F63}.Debug|x64.ActiveCfg = Debug|x64
		{27D83458-2DA2-48EA-BA5F-DD1675534F63}.Debug|x64.Build.0 = Debug|x64
		{27D83458-2DA2-48EA-BA5F-DD1675534F63}.Debug|x86.ActiveCfg = Debug|Any CPU
		{27D83458-2DA2-48EA-BA5F-DD1675534F63}.Debug|x86.Build.0 = Debug|Any CPU
		{27D83458-2DA2-48EA-BA5F-DD1675534F63}.Release|Any CPU.ActiveCfg = Release|Any CPU
		{27D83458-2DA2-48EA-BA5F-DD1675534F63}.Release|Any CPU.Build.0 = Release|Any CPU
		{27D83458-2DA2-48EA-BA5F-DD1675534F63}.Release|arm64.ActiveCfg = Release|Any CPU
		{27D83458-2DA2-48EA-BA5F-DD1675534F63}.Release|arm64.Build.0 = Release|Any CPU
		{27D83458-2DA2-48EA-BA5F-DD1675534F63}.Release|x64.ActiveCfg = Release|x64
		{27D83458-2DA2-48EA-BA5F-DD1675534F63}.Release|x64.Build.0 = Release|x64
		{27D83458-2DA2-48EA-BA5F-DD1675534F63}.Release|x86.ActiveCfg = Release|Any CPU
		{27D83458-2DA2-48EA-BA5F-DD1675534F63}.Release|x86.Build.0 = Release|Any CPU
		{BFE33FEF-F76B-42DB-BE2A-37F6329B5EDB}.Debug|Any CPU.ActiveCfg = Debug|Any CPU
		{BFE33FEF-F76B-42DB-BE2A-37F6329B5EDB}.Debug|Any CPU.Build.0 = Debug|Any CPU
		{BFE33FEF-F76B-42DB-BE2A-37F6329B5EDB}.Debug|arm64.ActiveCfg = Debug|Any CPU
		{BFE33FEF-F76B-42DB-BE2A-37F6329B5EDB}.Debug|arm64.Build.0 = Debug|Any CPU
		{BFE33FEF-F76B-42DB-BE2A-37F6329B5EDB}.Debug|x64.ActiveCfg = Debug|x64
		{BFE33FEF-F76B-42DB-BE2A-37F6329B5EDB}.Debug|x64.Build.0 = Debug|x64
		{BFE33FEF-F76B-42DB-BE2A-37F6329B5EDB}.Debug|x86.ActiveCfg = Debug|Any CPU
		{BFE33FEF-F76B-42DB-BE2A-37F6329B5EDB}.Debug|x86.Build.0 = Debug|Any CPU
		{BFE33FEF-F76B-42DB-BE2A-37F6329B5EDB}.Release|Any CPU.ActiveCfg = Release|Any CPU
		{BFE33FEF-F76B-42DB-BE2A-37F6329B5EDB}.Release|Any CPU.Build.0 = Release|Any CPU
		{BFE33FEF-F76B-42DB-BE2A-37F6329B5EDB}.Release|arm64.ActiveCfg = Release|Any CPU
		{BFE33FEF-F76B-42DB-BE2A-37F6329B5EDB}.Release|arm64.Build.0 = Release|Any CPU
		{BFE33FEF-F76B-42DB-BE2A-37F6329B5EDB}.Release|x64.ActiveCfg = Release|Any CPU
		{BFE33FEF-F76B-42DB-BE2A-37F6329B5EDB}.Release|x64.Build.0 = Release|Any CPU
		{BFE33FEF-F76B-42DB-BE2A-37F6329B5EDB}.Release|x86.ActiveCfg = Release|Any CPU
		{BFE33FEF-F76B-42DB-BE2A-37F6329B5EDB}.Release|x86.Build.0 = Release|Any CPU
	EndGlobalSection
	GlobalSection(SolutionProperties) = preSolution
		HideSolutionNode = FALSE
	EndGlobalSection
	GlobalSection(ExtensibilityGlobals) = postSolution
		SolutionGuid = {EA5AFBAD-EDD1-4652-AEE4-3243216AF6DE}
	EndGlobalSection
EndGlobal
